// !$*UTF8*$!
{
	archiveVersion = 1;
	classes = {
	};
	objectVersion = 50;
	objects = {

/* Begin PBXBuildFile section */
		888E3A3C22D8BED200FC2BBA /* AppDelegate.swift in Sources */ = {isa = PBXBuildFile; fileRef = 888E3A3B22D8BED200FC2BBA /* AppDelegate.swift */; };
		888E3A3E22D8BED200FC2BBA /* ViewController.swift in Sources */ = {isa = PBXBuildFile; fileRef = 888E3A3D22D8BED200FC2BBA /* ViewController.swift */; };
		888E3A4122D8BED200FC2BBA /* Main.storyboard in Resources */ = {isa = PBXBuildFile; fileRef = 888E3A3F22D8BED200FC2BBA /* Main.storyboard */; };
		888E3A4322D8BED200FC2BBA /* Assets.xcassets in Resources */ = {isa = PBXBuildFile; fileRef = 888E3A4222D8BED200FC2BBA /* Assets.xcassets */; };
		888E3A4622D8BED200FC2BBA /* LaunchScreen.storyboard in Resources */ = {isa = PBXBuildFile; fileRef = 888E3A4422D8BED200FC2BBA /* LaunchScreen.storyboard */; };
		88A0AE0722DDA869009AF129 /* ImagePicker.swift in Sources */ = {isa = PBXBuildFile; fileRef = 88A0AE0622DDA869009AF129 /* ImagePicker.swift */; };
		88A0AE0922DDB8C6009AF129 /* DrawableImageView.swift in Sources */ = {isa = PBXBuildFile; fileRef = 88A0AE0822DDB8C6009AF129 /* DrawableImageView.swift */; };
		88A0AE0D22DDED1A009AF129 /* MotionViewController.swift in Sources */ = {isa = PBXBuildFile; fileRef = 88A0AE0C22DDED1A009AF129 /* MotionViewController.swift */; };
/* End PBXBuildFile section */

/* Begin PBXFileReference section */
		888E3A3822D8BED200FC2BBA /* M.app */ = {isa = PBXFileReference; explicitFileType = wrapper.application; includeInIndex = 0; path = M.app; sourceTree = BUILT_PRODUCTS_DIR; };
		888E3A3B22D8BED200FC2BBA /* AppDelegate.swift */ = {isa = PBXFileReference; lastKnownFileType = sourcecode.swift; path = AppDelegate.swift; sourceTree = "<group>"; };
		888E3A3D22D8BED200FC2BBA /* ViewController.swift */ = {isa = PBXFileReference; lastKnownFileType = sourcecode.swift; path = ViewController.swift; sourceTree = "<group>"; };
		888E3A4022D8BED200FC2BBA /* Base */ = {isa = PBXFileReference; lastKnownFileType = file.storyboard; name = Base; path = Base.lproj/Main.storyboard; sourceTree = "<group>"; };
		888E3A4222D8BED200FC2BBA /* Assets.xcassets */ = {isa = PBXFileReference; lastKnownFileType = folder.assetcatalog; path = Assets.xcassets; sourceTree = "<group>"; };
		888E3A4522D8BED200FC2BBA /* Base */ = {isa = PBXFileReference; lastKnownFileType = file.storyboard; name = Base; path = Base.lproj/LaunchScreen.storyboard; sourceTree = "<group>"; };
		888E3A4722D8BED200FC2BBA /* Info.plist */ = {isa = PBXFileReference; lastKnownFileType = text.plist.xml; path = Info.plist; sourceTree = "<group>"; };
		88A0AE0622DDA869009AF129 /* ImagePicker.swift */ = {isa = PBXFileReference; lastKnownFileType = sourcecode.swift; path = ImagePicker.swift; sourceTree = "<group>"; };
		88A0AE0822DDB8C6009AF129 /* DrawableImageView.swift */ = {isa = PBXFileReference; lastKnownFileType = sourcecode.swift; path = DrawableImageView.swift; sourceTree = "<group>"; };
		88A0AE0C22DDED1A009AF129 /* MotionViewController.swift */ = {isa = PBXFileReference; lastKnownFileType = sourcecode.swift; path = MotionViewController.swift; sourceTree = "<group>"; };
/* End PBXFileReference section */

/* Begin PBXFrameworksBuildPhase section */
		888E3A3522D8BED200FC2BBA /* Frameworks */ = {
			isa = PBXFrameworksBuildPhase;
			buildActionMask = 2147483647;
			files = (
			);
			runOnlyForDeploymentPostprocessing = 0;
		};
/* End PBXFrameworksBuildPhase section */

/* Begin PBXGroup section */
		888E3A2F22D8BED200FC2BBA = {
			isa = PBXGroup;
			children = (
				888E3A3A22D8BED200FC2BBA /* M */,
				888E3A3922D8BED200FC2BBA /* Products */,
			);
			sourceTree = "<group>";
		};
		888E3A3922D8BED200FC2BBA /* Products */ = {
			isa = PBXGroup;
			children = (
				888E3A3822D8BED200FC2BBA /* M.app */,
			);
			name = Products;
			sourceTree = "<group>";
		};
		888E3A3A22D8BED200FC2BBA /* M */ = {
			isa = PBXGroup;
			children = (
				888E3A4D22D8BEDA00FC2BBA /* View */,
				888E3A4F22D8BEED00FC2BBA /* Controller */,
				88A0AE0522DDA826009AF129 /* Helper Files */,
				888E3A4222D8BED200FC2BBA /* Assets.xcassets */,
				888E3A4422D8BED200FC2BBA /* LaunchScreen.storyboard */,
				888E3A4722D8BED200FC2BBA /* Info.plist */,
			);
			path = M;
			sourceTree = "<group>";
		};
		888E3A4D22D8BEDA00FC2BBA /* View */ = {
			isa = PBXGroup;
			children = (
				888E3A3F22D8BED200FC2BBA /* Main.storyboard */,
				88A0AE0822DDB8C6009AF129 /* DrawableImageView.swift */,
			);
			path = View;
			sourceTree = "<group>";
		};
		888E3A4F22D8BEED00FC2BBA /* Controller */ = {
			isa = PBXGroup;
			children = (
				888E3A3D22D8BED200FC2BBA /* ViewController.swift */,
				88A0AE0C22DDED1A009AF129 /* MotionViewController.swift */,
				888E3A3B22D8BED200FC2BBA /* AppDelegate.swift */,
			);
			path = Controller;
			sourceTree = "<group>";
		};
		88A0AE0522DDA826009AF129 /* Helper Files */ = {
			isa = PBXGroup;
			children = (
				88A0AE0622DDA869009AF129 /* ImagePicker.swift */,
			);
			path = "Helper Files";
			sourceTree = "<group>";
		};
/* End PBXGroup section */

/* Begin PBXNativeTarget section */
		888E3A3722D8BED200FC2BBA /* M */ = {
			isa = PBXNativeTarget;
			buildConfigurationList = 888E3A4A22D8BED200FC2BBA /* Build configuration list for PBXNativeTarget "M" */;
			buildPhases = (
				888E3A3422D8BED200FC2BBA /* Sources */,
				888E3A3522D8BED200FC2BBA /* Frameworks */,
				888E3A3622D8BED200FC2BBA /* Resources */,
			);
			buildRules = (
			);
			dependencies = (
			);
			name = M;
			productName = M;
			productReference = 888E3A3822D8BED200FC2BBA /* M.app */;
			productType = "com.apple.product-type.application";
		};
/* End PBXNativeTarget section */

/* Begin PBXProject section */
		888E3A3022D8BED200FC2BBA /* Project object */ = {
			isa = PBXProject;
			attributes = {
				LastSwiftUpdateCheck = 1020;
				LastUpgradeCheck = 1020;
				ORGANIZATIONNAME = HBB;
				TargetAttributes = {
					888E3A3722D8BED200FC2BBA = {
						CreatedOnToolsVersion = 10.2.1;
					};
				};
			};
			buildConfigurationList = 888E3A3322D8BED200FC2BBA /* Build configuration list for PBXProject "M" */;
			compatibilityVersion = "Xcode 9.3";
			developmentRegion = en;
			hasScannedForEncodings = 0;
			knownRegions = (
				en,
				Base,
			);
			mainGroup = 888E3A2F22D8BED200FC2BBA;
			productRefGroup = 888E3A3922D8BED200FC2BBA /* Products */;
			projectDirPath = "";
			projectRoot = "";
			targets = (
				888E3A3722D8BED200FC2BBA /* M */,
			);
		};
/* End PBXProject section */

/* Begin PBXResourcesBuildPhase section */
		888E3A3622D8BED200FC2BBA /* Resources */ = {
			isa = PBXResourcesBuildPhase;
			buildActionMask = 2147483647;
			files = (
				888E3A4622D8BED200FC2BBA /* LaunchScreen.storyboard in Resources */,
				888E3A4322D8BED200FC2BBA /* Assets.xcassets in Resources */,
				888E3A4122D8BED200FC2BBA /* Main.storyboard in Resources */,
			);
			runOnlyForDeploymentPostprocessing = 0;
		};
/* End PBXResourcesBuildPhase section */

/* Begin PBXSourcesBuildPhase section */
		888E3A3422D8BED200FC2BBA /* Sources */ = {
			isa = PBXSourcesBuildPhase;
			buildActionMask = 2147483647;
			files = (
				88A0AE0722DDA869009AF129 /* ImagePicker.swift in Sources */,
				888E3A3E22D8BED200FC2BBA /* ViewController.swift in Sources */,
				88A0AE0922DDB8C6009AF129 /* DrawableImageView.swift in Sources */,
				888E3A3C22D8BED200FC2BBA /* AppDelegate.swift in Sources */,
				88A0AE0D22DDED1A009AF129 /* MotionViewController.swift in Sources */,
			);
			runOnlyForDeploymentPostprocessing = 0;
		};
/* End PBXSourcesBuildPhase section */

/* Begin PBXVariantGroup section */
		888E3A3F22D8BED200FC2BBA /* Main.storyboard */ = {
			isa = PBXVariantGroup;
			children = (
				888E3A4022D8BED200FC2BBA /* Base */,
			);
			name = Main.storyboard;
			sourceTree = "<group>";
		};
		888E3A4422D8BED200FC2BBA /* LaunchScreen.storyboard */ = {
			isa = PBXVariantGroup;
			children = (
				888E3A4522D8BED200FC2BBA /* Base */,
			);
			name = LaunchScreen.storyboard;
			sourceTree = "<group>";
		};
/* End PBXVariantGroup section */

/* Begin XCBuildConfiguration section */
		888E3A4822D8BED200FC2BBA /* Debug */ = {
			isa = XCBuildConfiguration;
			buildSettings = {
				ALWAYS_SEARCH_USER_PATHS = NO;
				CLANG_ANALYZER_NONNULL = YES;
				CLANG_ANALYZER_NUMBER_OBJECT_CONVERSION = YES_AGGRESSIVE;
				CLANG_CXX_LANGUAGE_STANDARD = "gnu++14";
				CLANG_CXX_LIBRARY = "libc++";
				CLANG_ENABLE_MODULES = YES;
				CLANG_ENABLE_OBJC_ARC = YES;
				CLANG_ENABLE_OBJC_WEAK = YES;
				CLANG_WARN_BLOCK_CAPTURE_AUTORELEASING = YES;
				CLANG_WARN_BOOL_CONVERSION = YES;
				CLANG_WARN_COMMA = YES;
				CLANG_WARN_CONSTANT_CONVERSION = YES;
				CLANG_WARN_DEPRECATED_OBJC_IMPLEMENTATIONS = YES;
				CLANG_WARN_DIRECT_OBJC_ISA_USAGE = YES_ERROR;
				CLANG_WARN_DOCUMENTATION_COMMENTS = YES;
				CLANG_WARN_EMPTY_BODY = YES;
				CLANG_WARN_ENUM_CONVERSION = YES;
				CLANG_WARN_INFINITE_RECURSION = YES;
				CLANG_WARN_INT_CONVERSION = YES;
				CLANG_WARN_NON_LITERAL_NULL_CONVERSION = YES;
				CLANG_WARN_OBJC_IMPLICIT_RETAIN_SELF = YES;
				CLANG_WARN_OBJC_LITERAL_CONVERSION = YES;
				CLANG_WARN_OBJC_ROOT_CLASS = YES_ERROR;
				CLANG_WARN_RANGE_LOOP_ANALYSIS = YES;
				CLANG_WARN_STRICT_PROTOTYPES = YES;
				CLANG_WARN_SUSPICIOUS_MOVE = YES;
				CLANG_WARN_UNGUARDED_AVAILABILITY = YES_AGGRESSIVE;
				CLANG_WARN_UNREACHABLE_CODE = YES;
				CLANG_WARN__DUPLICATE_METHOD_MATCH = YES;
				CODE_SIGN_IDENTITY = "iPhone Developer";
				COPY_PHASE_STRIP = NO;
				DEBUG_INFORMATION_FORMAT = dwarf;
				ENABLE_STRICT_OBJC_MSGSEND = YES;
				ENABLE_TESTABILITY = YES;
				GCC_C_LANGUAGE_STANDARD = gnu11;
				GCC_DYNAMIC_NO_PIC = NO;
				GCC_NO_COMMON_BLOCKS = YES;
				GCC_OPTIMIZATION_LEVEL = 0;
				GCC_PREPROCESSOR_DEFINITIONS = (
					"DEBUG=1",
					"$(inherited)",
				);
				GCC_WARN_64_TO_32_BIT_CONVERSION = YES;
				GCC_WARN_ABOUT_RETURN_TYPE = YES_ERROR;
				GCC_WARN_UNDECLARED_SELECTOR = YES;
				GCC_WARN_UNINITIALIZED_AUTOS = YES_AGGRESSIVE;
				GCC_WARN_UNUSED_FUNCTION = YES;
				GCC_WARN_UNUSED_VARIABLE = YES;
				IPHONEOS_DEPLOYMENT_TARGET = 12.2;
				MTL_ENABLE_DEBUG_INFO = INCLUDE_SOURCE;
				MTL_FAST_MATH = YES;
				ONLY_ACTIVE_ARCH = YES;
				SDKROOT = iphoneos;
				SWIFT_ACTIVE_COMPILATION_CONDITIONS = DEBUG;
				SWIFT_OPTIMIZATION_LEVEL = "-Onone";
			};
			name = Debug;
		};
		888E3A4922D8BED200FC2BBA /* Release */ = {
			isa = XCBuildConfiguration;
			buildSettings = {
				ALWAYS_SEARCH_USER_PATHS = NO;
				CLANG_ANALYZER_NONNULL = YES;
				CLANG_ANALYZER_NUMBER_OBJECT_CONVERSION = YES_AGGRESSIVE;
				CLANG_CXX_LANGUAGE_STANDARD = "gnu++14";
				CLANG_CXX_LIBRARY = "libc++";
				CLANG_ENABLE_MODULES = YES;
				CLANG_ENABLE_OBJC_ARC = YES;
				CLANG_ENABLE_OBJC_WEAK = YES;
				CLANG_WARN_BLOCK_CAPTURE_AUTORELEASING = YES;
				CLANG_WARN_BOOL_CONVERSION = YES;
				CLANG_WARN_COMMA = YES;
				CLANG_WARN_CONSTANT_CONVERSION = YES;
				CLANG_WARN_DEPRECATED_OBJC_IMPLEMENTATIONS = YES;
				CLANG_WARN_DIRECT_OBJC_ISA_USAGE = YES_ERROR;
				CLANG_WARN_DOCUMENTATION_COMMENTS = YES;
				CLANG_WARN_EMPTY_BODY = YES;
				CLANG_WARN_ENUM_CONVERSION = YES;
				CLANG_WARN_INFINITE_RECURSION = YES;
				CLANG_WARN_INT_CONVERSION = YES;
				CLANG_WARN_NON_LITERAL_NULL_CONVERSION = YES;
				CLANG_WARN_OBJC_IMPLICIT_RETAIN_SELF = YES;
				CLANG_WARN_OBJC_LITERAL_CONVERSION = YES;
				CLANG_WARN_OBJC_ROOT_CLASS = YES_ERROR;
				CLANG_WARN_RANGE_LOOP_ANALYSIS = YES;
				CLANG_WARN_STRICT_PROTOTYPES = YES;
				CLANG_WARN_SUSPICIOUS_MOVE = YES;
				CLANG_WARN_UNGUARDED_AVAILABILITY = YES_AGGRESSIVE;
				CLANG_WARN_UNREACHABLE_CODE = YES;
				CLANG_WARN__DUPLICATE_METHOD_MATCH = YES;
				CODE_SIGN_IDENTITY = "iPhone Developer";
				COPY_PHASE_STRIP = NO;
				DEBUG_INFORMATION_FORMAT = "dwarf-with-dsym";
				ENABLE_NS_ASSERTIONS = NO;
				ENABLE_STRICT_OBJC_MSGSEND = YES;
				GCC_C_LANGUAGE_STANDARD = gnu11;
				GCC_NO_COMMON_BLOCKS = YES;
				GCC_WARN_64_TO_32_BIT_CONVERSION = YES;
				GCC_WARN_ABOUT_RETURN_TYPE = YES_ERROR;
				GCC_WARN_UNDECLARED_SELECTOR = YES;
				GCC_WARN_UNINITIALIZED_AUTOS = YES_AGGRESSIVE;
				GCC_WARN_UNUSED_FUNCTION = YES;
				GCC_WARN_UNUSED_VARIABLE = YES;
				IPHONEOS_DEPLOYMENT_TARGET = 12.2;
				MTL_ENABLE_DEBUG_INFO = NO;
				MTL_FAST_MATH = YES;
				SDKROOT = iphoneos;
				SWIFT_COMPILATION_MODE = wholemodule;
				SWIFT_OPTIMIZATION_LEVEL = "-O";
				VALIDATE_PRODUCT = YES;
			};
			name = Release;
		};
		888E3A4B22D8BED200FC2BBA /* Debug */ = {
			isa = XCBuildConfiguration;
			buildSettings = {
				ASSETCATALOG_COMPILER_APPICON_NAME = AppIcon;
				CODE_SIGN_STYLE = Automatic;
				DEVELOPMENT_TEAM = FV4A8BV56R;
				INFOPLIST_FILE = M/Info.plist;
				IPHONEOS_DEPLOYMENT_TARGET = 11.0;
				LD_RUNPATH_SEARCH_PATHS = (
					"$(inherited)",
					"@executable_path/Frameworks",
				);
				PRODUCT_BUNDLE_IDENTIFIER = com.hasanbasribalaban.M;
				PRODUCT_NAME = "$(TARGET_NAME)";
				SWIFT_VERSION = 5.0;
				TARGETED_DEVICE_FAMILY = 1;
			};
			name = Debug;
		};
		888E3A4C22D8BED200FC2BBA /* Release */ = {
			isa = XCBuildConfiguration;
			buildSettings = {
				ASSETCATALOG_COMPILER_APPICON_NAME = AppIcon;
				CODE_SIGN_STYLE = Automatic;
				DEVELOPMENT_TEAM = FV4A8BV56R;
				INFOPLIST_FILE = M/Info.plist;
				IPHONEOS_DEPLOYMENT_TARGET = 11.0;
				LD_RUNPATH_SEARCH_PATHS = (
					"$(inherited)",
					"@executable_path/Frameworks",
				);
				PRODUCT_BUNDLE_IDENTIFIER = com.hasanbasribalaban.M;
				PRODUCT_NAME = "$(TARGET_NAME)";
				SWIFT_VERSION = 5.0;
				TARGETED_DEVICE_FAMILY = 1;
			};
			name = Release;
		};
/* End XCBuildConfiguration section */

/* Begin XCConfigurationList section */
		888E3A3322D8BED200FC2BBA /* Build configuration list for PBXProject "M" */ = {
			isa = XCConfigurationList;
			buildConfigurations = (
				888E3A4822D8BED200FC2BBA /* Debug */,
				888E3A4922D8BED200FC2BBA /* Release */,
			);
			defaultConfigurationIsVisible = 0;
			defaultConfigurationName = Release;
		};
		888E3A4A22D8BED200FC2BBA /* Build configuration list for PBXNativeTarget "M" */ = {
			isa = XCConfigurationList;
			buildConfigurations = (
				888E3A4B22D8BED200FC2BBA /* Debug */,
				888E3A4C22D8BED200FC2BBA /* Release */,
			);
			defaultConfigurationIsVisible = 0;
			defaultConfigurationName = Release;
		};
/* End XCConfigurationList section */
	};
	rootObject = 888E3A3022D8BED200FC2BBA /* Project object */;
}
